
Microsoft Visual Studio Solution File, Format Version 12.00
# Visual Studio Version 16
VisualStudioVersion = 16.0.30523.141
MinimumVisualStudioVersion = 10.0.40219.1
Project("{FAE04EC0-301F-11D3-BF4B-00C04F79EFBC}") = "DoubleClickViewCenter", "DoubleClickViewCenter\DoubleClickViewCenter.csproj", "{D90996C8-4BD6-4B9C-9591-4D2856BB15F9}"
EndProject
Global
	GlobalSection(SolutionConfigurationPlatforms) = preSolution
		Debug|Any CPU = Debug|Any CPU
		Release|Any CPU = Release|Any CPU
	EndGlobalSection
	GlobalSection(ProjectConfigurationPlatforms) = postSolution
		{D90996C8-4BD6-4B9C-9591-4D2856BB15F9}.Debug|Any CPU.ActiveCfg = Debug|Any CPU
		{D90996C8-4BD6-4B9C-9591-4D2856BB15F9}.Debug|Any CPU.Build.0 = Debug|Any CPU
		{D90996C8-4BD6-4B9C-9591-4D2856BB15F9}.Release|Any CPU.ActiveCfg = Release|Any CPU
		{D90996C8-4BD6-4B9C-9591-4D2856BB15F9}.Release|Any CPU.Build.0 = Release|Any CPU
	EndGlobalSection
	GlobalSection(SolutionProperties) = preSolution
		HideSolutionNode = FALSE
	EndGlobalSection
	GlobalSection(ExtensibilityGlobals) = postSolution
		SolutionGuid = {C615585E-F501-4563-961B-D4983AB3704F}
	EndGlobalSection
EndGlobal
